// !$*UTF8*$!
{
	archiveVersion = 1;
	classes = {
	};
	objectVersion = 55;
	objects = {

/* Begin PBXBuildFile section */
		A414FA2F291DEF5400C351F4 /* ImageCell.xib in Resources */ = {isa = PBXBuildFile; fileRef = A414FA2D291DEF5400C351F4 /* ImageCell.xib */; };
		A414FA30291DEF5400C351F4 /* ImageCell.swift in Sources */ = {isa = PBXBuildFile; fileRef = A414FA2E291DEF5400C351F4 /* ImageCell.swift */; };
		A414FA32291E071500C351F4 /* GradientButton.swift in Sources */ = {isa = PBXBuildFile; fileRef = A414FA31291E071500C351F4 /* GradientButton.swift */; };
		A4D78470291E2C1100D362EA /* AllowNotificationTutorialViewModel.swift in Sources */ = {isa = PBXBuildFile; fileRef = A4D7846F291E2C1100D362EA /* AllowNotificationTutorialViewModel.swift */; };
		A4D78475291E303800D362EA /* AllowNotificationTutorialViewController.swift in Sources */ = {isa = PBXBuildFile; fileRef = A4D78473291E303800D362EA /* AllowNotificationTutorialViewController.swift */; };
		A4D78476291E303800D362EA /* AllowNotificationTutorialViewController.xib in Resources */ = {isa = PBXBuildFile; fileRef = A4D78474291E303800D362EA /* AllowNotificationTutorialViewController.xib */; };
		A4E133E928AB310300BCC879 /* AppDelegate.swift in Sources */ = {isa = PBXBuildFile; fileRef = A4E133E828AB310300BCC879 /* AppDelegate.swift */; };
		A4E133EB28AB310300BCC879 /* SceneDelegate.swift in Sources */ = {isa = PBXBuildFile; fileRef = A4E133EA28AB310300BCC879 /* SceneDelegate.swift */; };
		A4E133ED28AB310300BCC879 /* ViewController.swift in Sources */ = {isa = PBXBuildFile; fileRef = A4E133EC28AB310300BCC879 /* ViewController.swift */; };
		A4E133F028AB310300BCC879 /* Main.storyboard in Resources */ = {isa = PBXBuildFile; fileRef = A4E133EE28AB310300BCC879 /* Main.storyboard */; };
		A4E133F228AB310500BCC879 /* Assets.xcassets in Resources */ = {isa = PBXBuildFile; fileRef = A4E133F128AB310500BCC879 /* Assets.xcassets */; };
		A4E133F528AB310500BCC879 /* LaunchScreen.storyboard in Resources */ = {isa = PBXBuildFile; fileRef = A4E133F328AB310500BCC879 /* LaunchScreen.storyboard */; };
/* End PBXBuildFile section */

/* Begin PBXFileReference section */
		A414FA2D291DEF5400C351F4 /* ImageCell.xib */ = {isa = PBXFileReference; fileEncoding = 4; lastKnownFileType = file.xib; path = ImageCell.xib; sourceTree = "<group>"; };
		A414FA2E291DEF5400C351F4 /* ImageCell.swift */ = {isa = PBXFileReference; fileEncoding = 4; lastKnownFileType = sourcecode.swift; path = ImageCell.swift; sourceTree = "<group>"; };
		A414FA31291E071500C351F4 /* GradientButton.swift */ = {isa = PBXFileReference; lastKnownFileType = sourcecode.swift; path = GradientButton.swift; sourceTree = "<group>"; };
		A4D7846F291E2C1100D362EA /* AllowNotificationTutorialViewModel.swift */ = {isa = PBXFileReference; lastKnownFileType = sourcecode.swift; path = AllowNotificationTutorialViewModel.swift; sourceTree = "<group>"; };
		A4D78473291E303800D362EA /* AllowNotificationTutorialViewController.swift */ = {isa = PBXFileReference; lastKnownFileType = sourcecode.swift; path = AllowNotificationTutorialViewController.swift; sourceTree = "<group>"; };
		A4D78474291E303800D362EA /* AllowNotificationTutorialViewController.xib */ = {isa = PBXFileReference; lastKnownFileType = file.xib; path = AllowNotificationTutorialViewController.xib; sourceTree = "<group>"; };
		A4E133E528AB310300BCC879 /* SliderApp.app */ = {isa = PBXFileReference; explicitFileType = wrapper.application; includeInIndex = 0; path = SliderApp.app; sourceTree = BUILT_PRODUCTS_DIR; };
		A4E133E828AB310300BCC879 /* AppDelegate.swift */ = {isa = PBXFileReference; lastKnownFileType = sourcecode.swift; path = AppDelegate.swift; sourceTree = "<group>"; };
		A4E133EA28AB310300BCC879 /* SceneDelegate.swift */ = {isa = PBXFileReference; lastKnownFileType = sourcecode.swift; path = SceneDelegate.swift; sourceTree = "<group>"; };
		A4E133EC28AB310300BCC879 /* ViewController.swift */ = {isa = PBXFileReference; lastKnownFileType = sourcecode.swift; path = ViewController.swift; sourceTree = "<group>"; };
		A4E133EF28AB310300BCC879 /* Base */ = {isa = PBXFileReference; lastKnownFileType = file.storyboard; name = Base; path = Base.lproj/Main.storyboard; sourceTree = "<group>"; };
		A4E133F128AB310500BCC879 /* Assets.xcassets */ = {isa = PBXFileReference; lastKnownFileType = folder.assetcatalog; path = Assets.xcassets; sourceTree = "<group>"; };
		A4E133F428AB310500BCC879 /* Base */ = {isa = PBXFileReference; lastKnownFileType = file.storyboard; name = Base; path = Base.lproj/LaunchScreen.storyboard; sourceTree = "<group>"; };
		A4E133F628AB310500BCC879 /* Info.plist */ = {isa = PBXFileReference; lastKnownFileType = text.plist.xml; path = Info.plist; sourceTree = "<group>"; };
/* End PBXFileReference section */

/* Begin PBXFrameworksBuildPhase section */
		A4E133E228AB310300BCC879 /* Frameworks */ = {
			isa = PBXFrameworksBuildPhase;
			buildActionMask = 2147483647;
			files = (
			);
			runOnlyForDeploymentPostprocessing = 0;
		};
/* End PBXFrameworksBuildPhase section */

/* Begin PBXGroup section */
		A414FA2C291DEF5400C351F4 /* Cell */ = {
			isa = PBXGroup;
			children = (
				A414FA2D291DEF5400C351F4 /* ImageCell.xib */,
				A414FA2E291DEF5400C351F4 /* ImageCell.swift */,
			);
			path = Cell;
			sourceTree = "<group>";
		};
		A4D78471291E2FBE00D362EA /* AllowNotificationTutorial */ = {
			isa = PBXGroup;
			children = (
				A414FA2C291DEF5400C351F4 /* Cell */,
				A4D7846F291E2C1100D362EA /* AllowNotificationTutorialViewModel.swift */,
				A4D78473291E303800D362EA /* AllowNotificationTutorialViewController.swift */,
				A4D78474291E303800D362EA /* AllowNotificationTutorialViewController.xib */,
			);
			path = AllowNotificationTutorial;
			sourceTree = "<group>";
		};
		A4D78472291E300C00D362EA /* Application */ = {
			isa = PBXGroup;
			children = (
				A4E133E828AB310300BCC879 /* AppDelegate.swift */,
				A4E133EA28AB310300BCC879 /* SceneDelegate.swift */,
			);
			path = Application;
			sourceTree = "<group>";
		};
		A4E133DC28AB310300BCC879 = {
			isa = PBXGroup;
			children = (
				A4E133E728AB310300BCC879 /* SliderApp */,
				A4E133E628AB310300BCC879 /* Products */,
			);
			sourceTree = "<group>";
		};
		A4E133E628AB310300BCC879 /* Products */ = {
			isa = PBXGroup;
			children = (
				A4E133E528AB310300BCC879 /* SliderApp.app */,
			);
			name = Products;
			sourceTree = "<group>";
		};
		A4E133E728AB310300BCC879 /* SliderApp */ = {
			isa = PBXGroup;
			children = (
				A4D78472291E300C00D362EA /* Application */,
				A4D78471291E2FBE00D362EA /* AllowNotificationTutorial */,
				A414FA31291E071500C351F4 /* GradientButton.swift */,
				A4E133EE28AB310300BCC879 /* Main.storyboard */,
				A4E133EC28AB310300BCC879 /* ViewController.swift */,
				A4E133F128AB310500BCC879 /* Assets.xcassets */,
				A4E133F328AB310500BCC879 /* LaunchScreen.storyboard */,
				A4E133F628AB310500BCC879 /* Info.plist */,
			);
			path = SliderApp;
			sourceTree = "<group>";
		};
/* End PBXGroup section */

/* Begin PBXNativeTarget section */
		A4E133E428AB310300BCC879 /* SliderApp */ = {
			isa = PBXNativeTarget;
			buildConfigurationList = A4E133F928AB310500BCC879 /* Build configuration list for PBXNativeTarget "SliderApp" */;
			buildPhases = (
				A4E133E128AB310300BCC879 /* Sources */,
				A4E133E228AB310300BCC879 /* Frameworks */,
				A4E133E328AB310300BCC879 /* Resources */,
			);
			buildRules = (
			);
			dependencies = (
			);
			name = SliderApp;
			productName = SliderApp;
			productReference = A4E133E528AB310300BCC879 /* SliderApp.app */;
			productType = "com.apple.product-type.application";
		};
/* End PBXNativeTarget section */

/* Begin PBXProject section */
		A4E133DD28AB310300BCC879 /* Project object */ = {
			isa = PBXProject;
			attributes = {
				BuildIndependentTargetsInParallel = 1;
				LastSwiftUpdateCheck = 1310;
				LastUpgradeCheck = 1310;
				TargetAttributes = {
					A4E133E428AB310300BCC879 = {
						CreatedOnToolsVersion = 13.1;
					};
				};
			};
			buildConfigurationList = A4E133E028AB310300BCC879 /* Build configuration list for PBXProject "SliderApp" */;
			compatibilityVersion = "Xcode 13.0";
			developmentRegion = en;
			hasScannedForEncodings = 0;
			knownRegions = (
				en,
				Base,
			);
			mainGroup = A4E133DC28AB310300BCC879;
			productRefGroup = A4E133E628AB310300BCC879 /* Products */;
			projectDirPath = "";
			projectRoot = "";
			targets = (
				A4E133E428AB310300BCC879 /* SliderApp */,
			);
		};
/* End PBXProject section */

/* Begin PBXResourcesBuildPhase section */
		A4E133E328AB310300BCC879 /* Resources */ = {
			isa = PBXResourcesBuildPhase;
			buildActionMask = 2147483647;
			files = (
				A4E133F528AB310500BCC879 /* LaunchScreen.storyboard in Resources */,
				A4D78476291E303800D362EA /* AllowNotificationTutorialViewController.xib in Resources */,
				A414FA2F291DEF5400C351F4 /* ImageCell.xib in Resources */,
				A4E133F228AB310500BCC879 /* Assets.xcassets in Resources */,
				A4E133F028AB310300BCC879 /* Main.storyboard in Resources */,
			);
			runOnlyForDeploymentPostprocessing = 0;
		};
/* End PBXResourcesBuildPhase section */

/* Begin PBXSourcesBuildPhase section */
		A4E133E128AB310300BCC879 /* Sources */ = {
			isa = PBXSourcesBuildPhase;
			buildActionMask = 2147483647;
			files = (
				A414FA32291E071500C351F4 /* GradientButton.swift in Sources */,
				A4E133ED28AB310300BCC879 /* ViewController.swift in Sources */,
				A414FA30291DEF5400C351F4 /* ImageCell.swift in Sources */,
				A4D78470291E2C1100D362EA /* AllowNotificationTutorialViewModel.swift in Sources */,
				A4E133E928AB310300BCC879 /* AppDelegate.swift in Sources */,
				A4E133EB28AB310300BCC879 /* SceneDelegate.swift in Sources */,
				A4D78475291E303800D362EA /* AllowNotificationTutorialViewController.swift in Sources */,
			);
			runOnlyForDeploymentPostprocessing = 0;
		};
/* End PBXSourcesBuildPhase section */

/* Begin PBXVariantGroup section */
		A4E133EE28AB310300BCC879 /* Main.storyboard */ = {
			isa = PBXVariantGroup;
			children = (
				A4E133EF28AB310300BCC879 /* Base */,
			);
			name = Main.storyboard;
			sourceTree = "<group>";
		};
		A4E133F328AB310500BCC879 /* LaunchScreen.storyboard */ = {
			isa = PBXVariantGroup;
			children = (
				A4E133F428AB310500BCC879 /* Base */,
			);
			name = LaunchScreen.storyboard;
			sourceTree = "<group>";
		};
/* End PBXVariantGroup section */

/* Begin XCBuildConfiguration section */
		A4E133F728AB310500BCC879 /* Debug */ = {
			isa = XCBuildConfiguration;
			buildSettings = {
				ALWAYS_SEARCH_USER_PATHS = NO;
				CLANG_ANALYZER_NONNULL = YES;
				CLANG_ANALYZER_NUMBER_OBJECT_CONVERSION = YES_AGGRESSIVE;
				CLANG_CXX_LANGUAGE_STANDARD = "gnu++17";
				CLANG_CXX_LIBRARY = "libc++";
				CLANG_ENABLE_MODULES = YES;
				CLANG_ENABLE_OBJC_ARC = YES;
				CLANG_ENABLE_OBJC_WEAK = YES;
				CLANG_WARN_BLOCK_CAPTURE_AUTORELEASING = YES;
				CLANG_WARN_BOOL_CONVERSION = YES;
				CLANG_WARN_COMMA = YES;
				CLANG_WARN_CONSTANT_CONVERSION = YES;
				CLANG_WARN_DEPRECATED_OBJC_IMPLEMENTATIONS = YES;
				CLANG_WARN_DIRECT_OBJC_ISA_USAGE = YES_ERROR;
				CLANG_WARN_DOCUMENTATION_COMMENTS = YES;
				CLANG_WARN_EMPTY_BODY = YES;
				CLANG_WARN_ENUM_CONVERSION = YES;
				CLANG_WARN_INFINITE_RECURSION = YES;
				CLANG_WARN_INT_CONVERSION = YES;
				CLANG_WARN_NON_LITERAL_NULL_CONVERSION = YES;
				CLANG_WARN_OBJC_IMPLICIT_RETAIN_SELF = YES;
				CLANG_WARN_OBJC_LITERAL_CONVERSION = YES;
				CLANG_WARN_OBJC_ROOT_CLASS = YES_ERROR;
				CLANG_WARN_QUOTED_INCLUDE_IN_FRAMEWORK_HEADER = YES;
				CLANG_WARN_RANGE_LOOP_ANALYSIS = YES;
				CLANG_WARN_STRICT_PROTOTYPES = YES;
				CLANG_WARN_SUSPICIOUS_MOVE = YES;
				CLANG_WARN_UNGUARDED_AVAILABILITY = YES_AGGRESSIVE;
				CLANG_WARN_UNREACHABLE_CODE = YES;
				CLANG_WARN__DUPLICATE_METHOD_MATCH = YES;
				COPY_PHASE_STRIP = NO;
				DEBUG_INFORMATION_FORMAT = dwarf;
				ENABLE_STRICT_OBJC_MSGSEND = YES;
				ENABLE_TESTABILITY = YES;
				GCC_C_LANGUAGE_STANDARD = gnu11;
				GCC_DYNAMIC_NO_PIC = NO;
				GCC_NO_COMMON_BLOCKS = YES;
				GCC_OPTIMIZATION_LEVEL = 0;
				GCC_PREPROCESSOR_DEFINITIONS = (
					"DEBUG=1",
					"$(inherited)",
				);
				GCC_WARN_64_TO_32_BIT_CONVERSION = YES;
				GCC_WARN_ABOUT_RETURN_TYPE = YES_ERROR;
				GCC_WARN_UNDECLARED_SELECTOR = YES;
				GCC_WARN_UNINITIALIZED_AUTOS = YES_AGGRESSIVE;
				GCC_WARN_UNUSED_FUNCTION = YES;
				GCC_WARN_UNUSED_VARIABLE = YES;
				IPHONEOS_DEPLOYMENT_TARGET = 15.0;
				MTL_ENABLE_DEBUG_INFO = INCLUDE_SOURCE;
				MTL_FAST_MATH = YES;
				ONLY_ACTIVE_ARCH = YES;
				SDKROOT = iphoneos;
				SWIFT_ACTIVE_COMPILATION_CONDITIONS = DEBUG;
				SWIFT_OPTIMIZATION_LEVEL = "-Onone";
			};
			name = Debug;
		};
		A4E133F828AB310500BCC879 /* Release */ = {
			isa = XCBuildConfiguration;
			buildSettings = {
				ALWAYS_SEARCH_USER_PATHS = NO;
				CLANG_ANALYZER_NONNULL = YES;
				CLANG_ANALYZER_NUMBER_OBJECT_CONVERSION = YES_AGGRESSIVE;
				CLANG_CXX_LANGUAGE_STANDARD = "gnu++17";
				CLANG_CXX_LIBRARY = "libc++";
				CLANG_ENABLE_MODULES = YES;
				CLANG_ENABLE_OBJC_ARC = YES;
				CLANG_ENABLE_OBJC_WEAK = YES;
				CLANG_WARN_BLOCK_CAPTURE_AUTORELEASING = YES;
				CLANG_WARN_BOOL_CONVERSION = YES;
				CLANG_WARN_COMMA = YES;
				CLANG_WARN_CONSTANT_CONVERSION = YES;
				CLANG_WARN_DEPRECATED_OBJC_IMPLEMENTATIONS = YES;
				CLANG_WARN_DIRECT_OBJC_ISA_USAGE = YES_ERROR;
				CLANG_WARN_DOCUMENTATION_COMMENTS = YES;
				CLANG_WARN_EMPTY_BODY = YES;
				CLANG_WARN_ENUM_CONVERSION = YES;
				CLANG_WARN_INFINITE_RECURSION = YES;
				CLANG_WARN_INT_CONVERSION = YES;
				CLANG_WARN_NON_LITERAL_NULL_CONVERSION = YES;
				CLANG_WARN_OBJC_IMPLICIT_RETAIN_SELF = YES;
				CLANG_WARN_OBJC_LITERAL_CONVERSION = YES;
				CLANG_WARN_OBJC_ROOT_CLASS = YES_ERROR;
				CLANG_WARN_QUOTED_INCLUDE_IN_FRAMEWORK_HEADER = YES;
				CLANG_WARN_RANGE_LOOP_ANALYSIS = YES;
				CLANG_WARN_STRICT_PROTOTYPES = YES;
				CLANG_WARN_SUSPICIOUS_MOVE = YES;
				CLANG_WARN_UNGUARDED_AVAILABILITY = YES_AGGRESSIVE;
				CLANG_WARN_UNREACHABLE_CODE = YES;
				CLANG_WARN__DUPLICATE_METHOD_MATCH = YES;
				COPY_PHASE_STRIP = NO;
				DEBUG_INFORMATION_FORMAT = "dwarf-with-dsym";
				ENABLE_NS_ASSERTIONS = NO;
				ENABLE_STRICT_OBJC_MSGSEND = YES;
				GCC_C_LANGUAGE_STANDARD = gnu11;
				GCC_NO_COMMON_BLOCKS = YES;
				GCC_WARN_64_TO_32_BIT_CONVERSION = YES;
				GCC_WARN_ABOUT_RETURN_TYPE = YES_ERROR;
				GCC_WARN_UNDECLARED_SELECTOR = YES;
				GCC_WARN_UNINITIALIZED_AUTOS = YES_AGGRESSIVE;
				GCC_WARN_UNUSED_FUNCTION = YES;
				GCC_WARN_UNUSED_VARIABLE = YES;
				IPHONEOS_DEPLOYMENT_TARGET = 15.0;
				MTL_ENABLE_DEBUG_INFO = NO;
				MTL_FAST_MATH = YES;
				SDKROOT = iphoneos;
				SWIFT_COMPILATION_MODE = wholemodule;
				SWIFT_OPTIMIZATION_LEVEL = "-O";
				VALIDATE_PRODUCT = YES;
			};
			name = Release;
		};
		A4E133FA28AB310500BCC879 /* Debug */ = {
			isa = XCBuildConfiguration;
			buildSettings = {
				ASSETCATALOG_COMPILER_APPICON_NAME = AppIcon;
				ASSETCATALOG_COMPILER_GLOBAL_ACCENT_COLOR_NAME = AccentColor;
				CODE_SIGN_STYLE = Automatic;
				CURRENT_PROJECT_VERSION = 1;
				GENERATE_INFOPLIST_FILE = YES;
				INFOPLIST_FILE = SliderApp/Info.plist;
				INFOPLIST_KEY_UIApplicationSupportsIndirectInputEvents = YES;
				INFOPLIST_KEY_UILaunchStoryboardName = LaunchScreen;
				INFOPLIST_KEY_UIMainStoryboardFile = Main;
				INFOPLIST_KEY_UISupportedInterfaceOrientations_iPad = "UIInterfaceOrientationPortrait UIInterfaceOrientationPortraitUpsideDown UIInterfaceOrientationLandscapeLeft UIInterfaceOrientationLandscapeRight";
				INFOPLIST_KEY_UISupportedInterfaceOrientations_iPhone = "UIInterfaceOrientationPortrait UIInterfaceOrientationLandscapeLeft UIInterfaceOrientationLandscapeRight";
				LD_RUNPATH_SEARCH_PATHS = (
					"$(inherited)",
					"@executable_path/Frameworks",
				);
				MARKETING_VERSION = 1.0;
				PRODUCT_BUNDLE_IDENTIFIER = IOS.SliderApp;
				PRODUCT_NAME = "$(TARGET_NAME)";
				SWIFT_EMIT_LOC_STRINGS = YES;
				SWIFT_VERSION = 5.0;
				TARGETED_DEVICE_FAMILY = "1,2";
			};
			name = Debug;
		};
		A4E133FB28AB310500BCC879 /* Release */ = {
			isa = XCBuildConfiguration;
			buildSettings = {
				ASSETCATALOG_COMPILER_APPICON_NAME = AppIcon;
				ASSETCATALOG_COMPILER_GLOBAL_ACCENT_COLOR_NAME = AccentColor;
				CODE_SIGN_STYLE = Automatic;
				CURRENT_PROJECT_VERSION = 1;
				GENERATE_INFOPLIST_FILE = YES;
				INFOPLIST_FILE = SliderApp/Info.plist;
				INFOPLIST_KEY_UIApplicationSupportsIndirectInputEvents = YES;
				INFOPLIST_KEY_UILaunchStoryboardName = LaunchScreen;
				INFOPLIST_KEY_UIMainStoryboardFile = Main;
				INFOPLIST_KEY_UISupportedInterfaceOrientations_iPad = "UIInterfaceOrientationPortrait UIInterfaceOrientationPortraitUpsideDown UIInterfaceOrientationLandscapeLeft UIInterfaceOrientationLandscapeRight";
				INFOPLIST_KEY_UISupportedInterfaceOrientations_iPhone = "UIInterfaceOrientationPortrait UIInterfaceOrientationLandscapeLeft UIInterfaceOrientationLandscapeRight";
				LD_RUNPATH_SEARCH_PATHS = (
					"$(inherited)",
					"@executable_path/Frameworks",
				);
				MARKETING_VERSION = 1.0;
				PRODUCT_BUNDLE_IDENTIFIER = IOS.SliderApp;
				PRODUCT_NAME = "$(TARGET_NAME)";
				SWIFT_EMIT_LOC_STRINGS = YES;
				SWIFT_VERSION = 5.0;
				TARGETED_DEVICE_FAMILY = "1,2";
			};
			name = Release;
		};
/* End XCBuildConfiguration section */

/* Begin XCConfigurationList section */
		A4E133E028AB310300BCC879 /* Build configuration list for PBXProject "SliderApp" */ = {
			isa = XCConfigurationList;
			buildConfigurations = (
				A4E133F728AB310500BCC879 /* Debug */,
				A4E133F828AB310500BCC879 /* Release */,
			);
			defaultConfigurationIsVisible = 0;
			defaultConfigurationName = Release;
		};
		A4E133F928AB310500BCC879 /* Build configuration list for PBXNativeTarget "SliderApp" */ = {
			isa = XCConfigurationList;
			buildConfigurations = (
				A4E133FA28AB310500BCC879 /* Debug */,
				A4E133FB28AB310500BCC879 /* Release */,
			);
			defaultConfigurationIsVisible = 0;
			defaultConfigurationName = Release;
		};
/* End XCConfigurationList section */
	};
	rootObject = A4E133DD28AB310300BCC879 /* Project object */;
}
